{
  "version": "4",
  "specifiers": {
    "jsr:@david/dax@0.42": "0.42.0",
    "jsr:@david/path@0.2": "0.2.0",
    "jsr:@david/which@~0.4.1": "0.4.1",
    "jsr:@std/assert@0.221": "0.221.0",
    "jsr:@std/bytes@0.221": "0.221.0",
    "jsr:@std/crypto@^1.0.3": "1.0.3",
    "jsr:@std/encoding@^1.0.6": "1.0.6",
    "jsr:@std/fmt@1": "1.0.4",
    "jsr:@std/fmt@^1.0.4": "1.0.4",
    "jsr:@std/fs@1": "1.0.9",
    "jsr:@std/fs@^1.0.9": "1.0.9",
    "jsr:@std/io@0.221": "0.221.0",
    "jsr:@std/path@1": "1.0.8",
    "jsr:@std/path@^1.0.7": "1.0.8",
    "jsr:@std/path@^1.0.8": "1.0.8",
    "jsr:@std/streams@0.221": "0.221.0",
    "jsr:@valibot/valibot@~0.42.1": "0.42.1",
    "jsr:@zip-js/zip-js@^2.7.54": "2.7.54",
    "npm:ini@5": "5.0.0",
    "npm:memoize@10": "10.0.0"
  },
  "jsr": {
    "@david/dax@0.42.0": {
      "integrity": "0c547c9a20577a6072b90def194c159c9ddab82280285ebfd8268a4ebefbd80b",
      "dependencies": [
        "jsr:@david/path",
        "jsr:@david/which",
        "jsr:@std/fmt@1",
        "jsr:@std/fs@1",
        "jsr:@std/io",
        "jsr:@std/path@1",
        "jsr:@std/streams"
      ]
    },
    "@david/path@0.2.0": {
      "integrity": "f2d7aa7f02ce5a55e27c09f9f1381794acb09d328f8d3c8a2e3ab3ffc294dccd",
      "dependencies": [
        "jsr:@std/fs@1",
        "jsr:@std/path@1"
      ]
    },
    "@david/which@0.4.1": {
      "integrity": "896a682b111f92ab866cc70c5b4afab2f5899d2f9bde31ed00203b9c250f225e"
    },
    "@std/assert@0.221.0": {
      "integrity": "a5f1aa6e7909dbea271754fd4ab3f4e687aeff4873b4cef9a320af813adb489a"
    },
    "@std/bytes@0.221.0": {
      "integrity": "64a047011cf833890a4a2ab7293ac55a1b4f5a050624ebc6a0159c357de91966"
    },
    "@std/crypto@1.0.3": {
      "integrity": "a2a32f51ddef632d299e3879cd027c630dcd4d1d9a5285d6e6788072f4e51e7f"
    },
    "@std/encoding@1.0.6": {
      "integrity": "ca87122c196e8831737d9547acf001766618e78cd8c33920776c7f5885546069"
    },
    "@std/fmt@1.0.4": {
      "integrity": "e14fe5bedee26f80877e6705a97a79c7eed599e81bb1669127ef9e8bc1e29a74"
    },
    "@std/fs@1.0.5": {
      "integrity": "41806ad6823d0b5f275f9849a2640d87e4ef67c51ee1b8fb02426f55e02fd44e",
      "dependencies": [
        "jsr:@std/path@^1.0.7"
      ]
    },
    "@std/fs@1.0.9": {
      "integrity": "3eef7e3ed3d317b29432c7dcb3b20122820dbc574263f721cb0248ad91bad890",
      "dependencies": [
        "jsr:@std/path@^1.0.8"
      ]
    },
    "@std/io@0.221.0": {
      "integrity": "faf7f8700d46ab527fa05cc6167f4b97701a06c413024431c6b4d207caa010da",
      "dependencies": [
        "jsr:@std/assert",
        "jsr:@std/bytes"
      ]
    },
    "@std/path@1.0.8": {
      "integrity": "548fa456bb6a04d3c1a1e7477986b6cffbce95102d0bb447c67c4ee70e0364be"
    },
    "@std/streams@0.221.0": {
      "integrity": "47f2f74634b47449277c0ee79fe878da4424b66bd8975c032e3afdca88986e61",
      "dependencies": [
        "jsr:@std/io"
      ]
    },
    "@valibot/valibot@0.42.1": {
      "integrity": "ba0f6f7964aaeec0e4b1f793d575061f325ae6254cbb9d7ff01fb65068a0a23b"
    },
    "@zip-js/zip-js@2.7.54": {
      "integrity": "a28b93b56a6cb2ed0f613355b2e9120ea9f6e9703dd6ae1bbc0088cfa3fef692"
    }
  },
  "npm": {
    "ini@5.0.0": {
      "integrity": "sha512-+N0ngpO3e7cRUWOJAS7qw0IZIVc6XPrW4MlFBdD066F2L4k1L6ker3hLqSq7iXxU5tgS4WGkIUElWn5vogAEnw=="
    },
    "memoize@10.0.0": {
      "integrity": "sha512-H6cBLgsi6vMWOcCpvVCdFFnl3kerEXbrYh9q+lY6VXvQSmM6CkmV08VOwT+WE2tzIEqRPFfAq3fm4v/UIW6mSA==",
      "dependencies": [
        "mimic-function"
      ]
    },
    "mimic-function@5.0.1": {
      "integrity": "sha512-VP79XUPxV2CigYP3jWwAUFSku2aKqBH7uTAapFWCBqutsbmDo96KY5o8uh6U+/YSIn5OxJnXp73beVkpqMIGhA=="
    }
  },
  "workspace": {
    "dependencies": [
      "jsr:@david/dax@0.42",
      "jsr:@std/crypto@^1.0.3",
      "jsr:@std/encoding@^1.0.6",
      "jsr:@std/fmt@^1.0.4",
      "jsr:@std/fs@^1.0.9",
      "jsr:@valibot/valibot@~0.42.1",
      "jsr:@zip-js/zip-js@^2.7.54",
      "npm:ini@5",
      "npm:memoize@10"
    ]
  }
}
